// !$*UTF8*$!
{
	archiveVersion = 1;
	classes = {
	};
	objectVersion = 45;
	objects = {

/* Begin PBXBuildFile section */
		1DDD58160DA1D0A300B32029 /* MainMenu.xib in Resources */ = {isa = PBXBuildFile; fileRef = 1DDD58140DA1D0A300B32029 /* MainMenu.xib */; };
		2B4EC09B10301F3800042E09 /* FadeFrameLandscape.png in Resources */ = {isa = PBXBuildFile; fileRef = 2B4EC09A10301F3800042E09 /* FadeFrameLandscape.png */; };
		5E4D86630F45EC4700E02F03 /* FakeAppStore in Resources */ = {isa = PBXBuildFile; fileRef = 5E4D86270F45EC4700E02F03 /* FakeAppStore */; };
		5E4D86640F45EC4700E02F03 /* FakeAppStore.sb in Resources */ = {isa = PBXBuildFile; fileRef = 5E4D862A0F45EC4700E02F03 /* FakeAppStore.sb */; };
		5E4D86650F45EC4700E02F03 /* FakeCalculator in Resources */ = {isa = PBXBuildFile; fileRef = 5E4D862B0F45EC4700E02F03 /* FakeCalculator */; };
		5E4D86660F45EC4700E02F03 /* FakeCalculator.sb in Resources */ = {isa = PBXBuildFile; fileRef = 5E4D862E0F45EC4700E02F03 /* FakeCalculator.sb */; };
		5E4D86670F45EC4700E02F03 /* FakeCalendar in Resources */ = {isa = PBXBuildFile; fileRef = 5E4D862F0F45EC4700E02F03 /* FakeCalendar */; };
		5E4D86680F45EC4700E02F03 /* FakeCalendar.sb in Resources */ = {isa = PBXBuildFile; fileRef = 5E4D86320F45EC4700E02F03 /* FakeCalendar.sb */; };
		5E4D86690F45EC4700E02F03 /* FakeCamera in Resources */ = {isa = PBXBuildFile; fileRef = 5E4D86330F45EC4700E02F03 /* FakeCamera */; };
		5E4D866A0F45EC4700E02F03 /* FakeCamera.sb in Resources */ = {isa = PBXBuildFile; fileRef = 5E4D86360F45EC4700E02F03 /* FakeCamera.sb */; };
		5E4D866B0F45EC4700E02F03 /* FakeClock in Resources */ = {isa = PBXBuildFile; fileRef = 5E4D86370F45EC4700E02F03 /* FakeClock */; };
		5E4D866C0F45EC4700E02F03 /* FakeClock.sb in Resources */ = {isa = PBXBuildFile; fileRef = 5E4D863A0F45EC4700E02F03 /* FakeClock.sb */; };
		5E4D866D0F45EC4700E02F03 /* FakeiPod in Resources */ = {isa = PBXBuildFile; fileRef = 5E4D863B0F45EC4700E02F03 /* FakeiPod */; };
		5E4D866E0F45EC4700E02F03 /* FakeiPod.sb in Resources */ = {isa = PBXBuildFile; fileRef = 5E4D863E0F45EC4700E02F03 /* FakeiPod.sb */; };
		5E4D866F0F45EC4700E02F03 /* FakeiTunes in Resources */ = {isa = PBXBuildFile; fileRef = 5E4D863F0F45EC4700E02F03 /* FakeiTunes */; };
		5E4D86700F45EC4700E02F03 /* FakeiTunes.sb in Resources */ = {isa = PBXBuildFile; fileRef = 5E4D86420F45EC4700E02F03 /* FakeiTunes.sb */; };
		5E4D86710F45EC4700E02F03 /* FakeMail in Resources */ = {isa = PBXBuildFile; fileRef = 5E4D86430F45EC4700E02F03 /* FakeMail */; };
		5E4D86720F45EC4700E02F03 /* FakeMail.sb in Resources */ = {isa = PBXBuildFile; fileRef = 5E4D86460F45EC4700E02F03 /* FakeMail.sb */; };
		5E4D86730F45EC4700E02F03 /* FakeMaps in Resources */ = {isa = PBXBuildFile; fileRef = 5E4D86470F45EC4700E02F03 /* FakeMaps */; };
		5E4D86740F45EC4700E02F03 /* FakeMaps.sb in Resources */ = {isa = PBXBuildFile; fileRef = 5E4D864A0F45EC4700E02F03 /* FakeMaps.sb */; };
		5E4D86750F45EC4700E02F03 /* FakeNotes in Resources */ = {isa = PBXBuildFile; fileRef = 5E4D864B0F45EC4700E02F03 /* FakeNotes */; };
		5E4D86760F45EC4700E02F03 /* FakeNotes.sb in Resources */ = {isa = PBXBuildFile; fileRef = 5E4D864E0F45EC4700E02F03 /* FakeNotes.sb */; };
		5E4D86770F45EC4700E02F03 /* FakePhone in Resources */ = {isa = PBXBuildFile; fileRef = 5E4D864F0F45EC4700E02F03 /* FakePhone */; };
		5E4D86780F45EC4700E02F03 /* FakePhone.sb in Resources */ = {isa = PBXBuildFile; fileRef = 5E4D86520F45EC4700E02F03 /* FakePhone.sb */; };
		5E4D86790F45EC4700E02F03 /* FakeStocks in Resources */ = {isa = PBXBuildFile; fileRef = 5E4D86530F45EC4700E02F03 /* FakeStocks */; };
		5E4D867A0F45EC4700E02F03 /* FakeStocks.sb in Resources */ = {isa = PBXBuildFile; fileRef = 5E4D86560F45EC4700E02F03 /* FakeStocks.sb */; };
		5E4D867B0F45EC4700E02F03 /* FakeText in Resources */ = {isa = PBXBuildFile; fileRef = 5E4D86570F45EC4700E02F03 /* FakeText */; };
		5E4D867C0F45EC4700E02F03 /* FakeText.sb in Resources */ = {isa = PBXBuildFile; fileRef = 5E4D865A0F45EC4700E02F03 /* FakeText.sb */; };
		5E4D867D0F45EC4700E02F03 /* FakeWeather in Resources */ = {isa = PBXBuildFile; fileRef = 5E4D865B0F45EC4700E02F03 /* FakeWeather */; };
		5E4D867E0F45EC4700E02F03 /* FakeWeather.sb in Resources */ = {isa = PBXBuildFile; fileRef = 5E4D865E0F45EC4700E02F03 /* FakeWeather.sb */; };
		5E4D867F0F45EC4700E02F03 /* FakeYouTube in Resources */ = {isa = PBXBuildFile; fileRef = 5E4D865F0F45EC4700E02F03 /* FakeYouTube */; };
		5E4D86800F45EC4700E02F03 /* FakeYouTube.sb in Resources */ = {isa = PBXBuildFile; fileRef = 5E4D86620F45EC4700E02F03 /* FakeYouTube.sb */; };
		5E8B471B10504F9F00DF6DFB /* iPhoneFrameLandscape_right.png in Resources */ = {isa = PBXBuildFile; fileRef = 5E8B471910504F9F00DF6DFB /* iPhoneFrameLandscape_right.png */; };
		5EA7CD990F43CCE000DE24FB /* FakeFingerAppDelegate.m in Sources */ = {isa = PBXBuildFile; fileRef = 5EA7CD980F43CCE000DE24FB /* FakeFingerAppDelegate.m */; };
		5EA7CEF00F43EECC00DE24FB /* Hover.png in Resources */ = {isa = PBXBuildFile; fileRef = 5EA7CEEF0F43EECC00DE24FB /* Hover.png */; };
		5EA7CEF80F43F1E700DE24FB /* Carbon.framework in Frameworks */ = {isa = PBXBuildFile; fileRef = 5EA7CEF70F43F1E700DE24FB /* Carbon.framework */; };
		5EA7CF190F43F90F00DE24FB /* Active.png in Resources */ = {isa = PBXBuildFile; fileRef = 5EA7CF180F43F90F00DE24FB /* Active.png */; };
		5EA7CF300F43FAAA00DE24FB /* Icon.icns in Resources */ = {isa = PBXBuildFile; fileRef = 5EA7CF2F0F43FAAA00DE24FB /* Icon.icns */; };
		5EA7D0620F450EF500DE24FB /* FadeFrame.png in Resources */ = {isa = PBXBuildFile; fileRef = 5EA7D0600F450EF500DE24FB /* FadeFrame.png */; };
		5EA7D0630F450EF500DE24FB /* iPhoneFrame.png in Resources */ = {isa = PBXBuildFile; fileRef = 5EA7D0610F450EF500DE24FB /* iPhoneFrame.png */; };
		659FA5BE0FF70EAA000A86E1 /* FakeCompass in Resources */ = {isa = PBXBuildFile; fileRef = 659FA5B60FF70EAA000A86E1 /* FakeCompass */; };
		659FA5BF0FF70EAA000A86E1 /* FakeCompass.sb in Resources */ = {isa = PBXBuildFile; fileRef = 659FA5B90FF70EAA000A86E1 /* FakeCompass.sb */; };
		659FA5C00FF70EAA000A86E1 /* FakeVoiceMemos in Resources */ = {isa = PBXBuildFile; fileRef = 659FA5BA0FF70EAA000A86E1 /* FakeVoiceMemos */; };
		659FA5C10FF70EAA000A86E1 /* FakeVoiceMemos.sb in Resources */ = {isa = PBXBuildFile; fileRef = 659FA5BD0FF70EAA000A86E1 /* FakeVoiceMemos.sb */; };
		8D11072B0486CEB800E47090 /* InfoPlist.strings in Resources */ = {isa = PBXBuildFile; fileRef = 089C165CFE840E0CC02AAC07 /* InfoPlist.strings */; };
		8D11072D0486CEB800E47090 /* main.m in Sources */ = {isa = PBXBuildFile; fileRef = 29B97316FDCFA39411CA2CEA /* main.m */; settings = {ATTRIBUTES = (); }; };
		8D11072F0486CEB800E47090 /* Cocoa.framework in Frameworks */ = {isa = PBXBuildFile; fileRef = 1058C7A1FEA54F0111CA2CBB /* Cocoa.framework */; };
		C9FB62C312480F03001AD88A /* iPadFade.png in Resources */ = {isa = PBXBuildFile; fileRef = C9FB62C112480F03001AD88A /* iPadFade.png */; };
		C9FB62C412480F03001AD88A /* iPadFrame.png in Resources */ = {isa = PBXBuildFile; fileRef = C9FB62C212480F03001AD88A /* iPadFrame.png */; };
		C9FB63001249139D001AD88A /* iPadFadeLandscape.png in Resources */ = {isa = PBXBuildFile; fileRef = C9FB62FE1249139D001AD88A /* iPadFadeLandscape.png */; };
		C9FB63011249139D001AD88A /* iPadFrameLandscape_right.png in Resources */ = {isa = PBXBuildFile; fileRef = C9FB62FF1249139D001AD88A /* iPadFrameLandscape_right.png */; };
/* End PBXBuildFile section */

/* Begin PBXFileReference section */
		089C165DFE840E0CC02AAC07 /* English */ = {isa = PBXFileReference; fileEncoding = 10; lastKnownFileType = text.plist.strings; name = English; path = English.lproj/InfoPlist.strings; sourceTree = "<group>"; };
		1058C7A1FEA54F0111CA2CBB /* Cocoa.framework */ = {isa = PBXFileReference; lastKnownFileType = wrapper.framework; name = Cocoa.framework; path = /System/Library/Frameworks/Cocoa.framework; sourceTree = "<absolute>"; };
		13E42FB307B3F0F600E4EEF1 /* CoreData.framework */ = {isa = PBXFileReference; lastKnownFileType = wrapper.framework; name = CoreData.framework; path = /System/Library/Frameworks/CoreData.framework; sourceTree = "<absolute>"; };
		1DDD58150DA1D0A300B32029 /* English */ = {isa = PBXFileReference; lastKnownFileType = file.xib; name = English; path = English.lproj/MainMenu.xib; sourceTree = "<group>"; };
		29B97316FDCFA39411CA2CEA /* main.m */ = {isa = PBXFileReference; fileEncoding = 4; lastKnownFileType = sourcecode.c.objc; path = main.m; sourceTree = "<group>"; };
		29B97324FDCFA39411CA2CEA /* AppKit.framework */ = {isa = PBXFileReference; lastKnownFileType = wrapper.framework; name = AppKit.framework; path = /System/Library/Frameworks/AppKit.framework; sourceTree = "<absolute>"; };
		29B97325FDCFA39411CA2CEA /* Foundation.framework */ = {isa = PBXFileReference; lastKnownFileType = wrapper.framework; name = Foundation.framework; path = /System/Library/Frameworks/Foundation.framework; sourceTree = "<absolute>"; };
		2B4EC09A10301F3800042E09 /* FadeFrameLandscape.png */ = {isa = PBXFileReference; lastKnownFileType = image.png; path = FadeFrameLandscape.png; sourceTree = "<group>"; };
		32CA4F630368D1EE00C91783 /* FakeFinger_Prefix.pch */ = {isa = PBXFileReference; fileEncoding = 4; lastKnownFileType = sourcecode.c.h; path = FakeFinger_Prefix.pch; sourceTree = "<group>"; };
		5E4D86270F45EC4700E02F03 /* FakeAppStore */ = {isa = PBXFileReference; lastKnownFileType = folder; name = FakeAppStore; path = SimAppCollection/FakeApps/FakeAppStore; sourceTree = "<group>"; };
		5E4D862A0F45EC4700E02F03 /* FakeAppStore.sb */ = {isa = PBXFileReference; fileEncoding = 4; lastKnownFileType = text; name = FakeAppStore.sb; path = SimAppCollection/FakeApps/FakeAppStore.sb; sourceTree = "<group>"; };
		5E4D862B0F45EC4700E02F03 /* FakeCalculator */ = {isa = PBXFileReference; lastKnownFileType = folder; name = FakeCalculator; path = SimAppCollection/FakeApps/FakeCalculator; sourceTree = "<group>"; };
		5E4D862E0F45EC4700E02F03 /* FakeCalculator.sb */ = {isa = PBXFileReference; fileEncoding = 4; lastKnownFileType = text; name = FakeCalculator.sb; path = SimAppCollection/FakeApps/FakeCalculator.sb; sourceTree = "<group>"; };
		5E4D862F0F45EC4700E02F03 /* FakeCalendar */ = {isa = PBXFileReference; lastKnownFileType = folder; name = FakeCalendar; path = SimAppCollection/FakeApps/FakeCalendar; sourceTree = "<group>"; };
		5E4D86320F45EC4700E02F03 /* FakeCalendar.sb */ = {isa = PBXFileReference; fileEncoding = 4; lastKnownFileType = text; name = FakeCalendar.sb; path = SimAppCollection/FakeApps/FakeCalendar.sb; sourceTree = "<group>"; };
		5E4D86330F45EC4700E02F03 /* FakeCamera */ = {isa = PBXFileReference; lastKnownFileType = folder; name = FakeCamera; path = SimAppCollection/FakeApps/FakeCamera; sourceTree = "<group>"; };
		5E4D86360F45EC4700E02F03 /* FakeCamera.sb */ = {isa = PBXFileReference; fileEncoding = 4; lastKnownFileType = text; name = FakeCamera.sb; path = SimAppCollection/FakeApps/FakeCamera.sb; sourceTree = "<group>"; };
		5E4D86370F45EC4700E02F03 /* FakeClock */ = {isa = PBXFileReference; lastKnownFileType = folder; name = FakeClock; path = SimAppCollection/FakeApps/FakeClock; sourceTree = "<group>"; };
		5E4D863A0F45EC4700E02F03 /* FakeClock.sb */ = {isa = PBXFileReference; fileEncoding = 4; lastKnownFileType = text; name = FakeClock.sb; path = SimAppCollection/FakeApps/FakeClock.sb; sourceTree = "<group>"; };
		5E4D863B0F45EC4700E02F03 /* FakeiPod */ = {isa = PBXFileReference; lastKnownFileType = folder; name = FakeiPod; path = SimAppCollection/FakeApps/FakeiPod; sourceTree = "<group>"; };
		5E4D863E0F45EC4700E02F03 /* FakeiPod.sb */ = {isa = PBXFileReference; fileEncoding = 4; lastKnownFileType = text; name = FakeiPod.sb; path = SimAppCollection/FakeApps/FakeiPod.sb; sourceTree = "<group>"; };
		5E4D863F0F45EC4700E02F03 /* FakeiTunes */ = {isa = PBXFileReference; lastKnownFileType = folder; name = FakeiTunes; path = SimAppCollection/FakeApps/FakeiTunes; sourceTree = "<group>"; };
		5E4D86420F45EC4700E02F03 /* FakeiTunes.sb */ = {isa = PBXFileReference; fileEncoding = 4; lastKnownFileType = text; name = FakeiTunes.sb; path = SimAppCollection/FakeApps/FakeiTunes.sb; sourceTree = "<group>"; };
		5E4D86430F45EC4700E02F03 /* FakeMail */ = {isa = PBXFileReference; lastKnownFileType = folder; name = FakeMail; path = SimAppCollection/FakeApps/FakeMail; sourceTree = "<group>"; };
		5E4D86460F45EC4700E02F03 /* FakeMail.sb */ = {isa = PBXFileReference; fileEncoding = 4; lastKnownFileType = text; name = FakeMail.sb; path = SimAppCollection/FakeApps/FakeMail.sb; sourceTree = "<group>"; };
		5E4D86470F45EC4700E02F03 /* FakeMaps */ = {isa = PBXFileReference; lastKnownFileType = folder; name = FakeMaps; path = SimAppCollection/FakeApps/FakeMaps; sourceTree = "<group>"; };
		5E4D864A0F45EC4700E02F03 /* FakeMaps.sb */ = {isa = PBXFileReference; fileEncoding = 4; lastKnownFileType = text; name = FakeMaps.sb; path = SimAppCollection/FakeApps/FakeMaps.sb; sourceTree = "<group>"; };
		5E4D864B0F45EC4700E02F03 /* FakeNotes */ = {isa = PBXFileReference; lastKnownFileType = folder; name = FakeNotes; path = SimAppCollection/FakeApps/FakeNotes; sourceTree = "<group>"; };
		5E4D864E0F45EC4700E02F03 /* FakeNotes.sb */ = {isa = PBXFileReference; fileEncoding = 4; lastKnownFileType = text; name = FakeNotes.sb; path = SimAppCollection/FakeApps/FakeNotes.sb; sourceTree = "<group>"; };
		5E4D864F0F45EC4700E02F03 /* FakePhone */ = {isa = PBXFileReference; lastKnownFileType = folder; name = FakePhone; path = SimAppCollection/FakeApps/FakePhone; sourceTree = "<group>"; };
		5E4D86520F45EC4700E02F03 /* FakePhone.sb */ = {isa = PBXFileReference; fileEncoding = 4; lastKnownFileType = text; name = FakePhone.sb; path = SimAppCollection/FakeApps/FakePhone.sb; sourceTree = "<group>"; };
		5E4D86530F45EC4700E02F03 /* FakeStocks */ = {isa = PBXFileReference; lastKnownFileType = folder; name = FakeStocks; path = SimAppCollection/FakeApps/FakeStocks; sourceTree = "<group>"; };
		5E4D86560F45EC4700E02F03 /* FakeStocks.sb */ = {isa = PBXFileReference; fileEncoding = 4; lastKnownFileType = text; name = FakeStocks.sb; path = SimAppCollection/FakeApps/FakeStocks.sb; sourceTree = "<group>"; };
		5E4D86570F45EC4700E02F03 /* FakeText */ = {isa = PBXFileReference; lastKnownFileType = folder; name = FakeText; path = SimAppCollection/FakeApps/FakeText; sourceTree = "<group>"; };
		5E4D865A0F45EC4700E02F03 /* FakeText.sb */ = {isa = PBXFileReference; fileEncoding = 4; lastKnownFileType = text; name = FakeText.sb; path = SimAppCollection/FakeApps/FakeText.sb; sourceTree = "<group>"; };
		5E4D865B0F45EC4700E02F03 /* FakeWeather */ = {isa = PBXFileReference; lastKnownFileType = folder; name = FakeWeather; path = SimAppCollection/FakeApps/FakeWeather; sourceTree = "<group>"; };
		5E4D865E0F45EC4700E02F03 /* FakeWeather.sb */ = {isa = PBXFileReference; fileEncoding = 4; lastKnownFileType = text; name = FakeWeather.sb; path = SimAppCollection/FakeApps/FakeWeather.sb; sourceTree = "<group>"; };
		5E4D865F0F45EC4700E02F03 /* FakeYouTube */ = {isa = PBXFileReference; lastKnownFileType = folder; name = FakeYouTube; path = SimAppCollection/FakeApps/FakeYouTube; sourceTree = "<group>"; };
		5E4D86620F45EC4700E02F03 /* FakeYouTube.sb */ = {isa = PBXFileReference; fileEncoding = 4; lastKnownFileType = text; name = FakeYouTube.sb; path = SimAppCollection/FakeApps/FakeYouTube.sb; sourceTree = "<group>"; };
		5E8B471910504F9F00DF6DFB /* iPhoneFrameLandscape_right.png */ = {isa = PBXFileReference; lastKnownFileType = image.png; path = iPhoneFrameLandscape_right.png; sourceTree = "<group>"; };
		5EA7CD970F43CCE000DE24FB /* FakeFingerAppDelegate.h */ = {isa = PBXFileReference; fileEncoding = 4; lastKnownFileType = sourcecode.c.h; path = FakeFingerAppDelegate.h; sourceTree = "<group>"; };
		5EA7CD980F43CCE000DE24FB /* FakeFingerAppDelegate.m */ = {isa = PBXFileReference; fileEncoding = 4; lastKnownFileType = sourcecode.c.objc; path = FakeFingerAppDelegate.m; sourceTree = "<group>"; };
		5EA7CEEF0F43EECC00DE24FB /* Hover.png */ = {isa = PBXFileReference; lastKnownFileType = image.png; path = Hover.png; sourceTree = "<group>"; };
		5EA7CEF70F43F1E700DE24FB /* Carbon.framework */ = {isa = PBXFileReference; lastKnownFileType = wrapper.framework; name = Carbon.framework; path = /System/Library/Frameworks/Carbon.framework; sourceTree = "<absolute>"; };
		5EA7CF180F43F90F00DE24FB /* Active.png */ = {isa = PBXFileReference; lastKnownFileType = image.png; path = Active.png; sourceTree = "<group>"; };
		5EA7CF2F0F43FAAA00DE24FB /* Icon.icns */ = {isa = PBXFileReference; lastKnownFileType = image.icns; path = Icon.icns; sourceTree = "<group>"; };
		5EA7D0600F450EF500DE24FB /* FadeFrame.png */ = {isa = PBXFileReference; lastKnownFileType = image.png; path = FadeFrame.png; sourceTree = "<group>"; };
		5EA7D0610F450EF500DE24FB /* iPhoneFrame.png */ = {isa = PBXFileReference; lastKnownFileType = image.png; path = iPhoneFrame.png; sourceTree = "<group>"; };
		659FA5B60FF70EAA000A86E1 /* FakeCompass */ = {isa = PBXFileReference; lastKnownFileType = folder; name = FakeCompass; path = SimAppCollection/FakeApps/FakeCompass; sourceTree = "<group>"; };
		659FA5B90FF70EAA000A86E1 /* FakeCompass.sb */ = {isa = PBXFileReference; fileEncoding = 4; lastKnownFileType = text; name = FakeCompass.sb; path = SimAppCollection/FakeApps/FakeCompass.sb; sourceTree = "<group>"; };
		659FA5BA0FF70EAA000A86E1 /* FakeVoiceMemos */ = {isa = PBXFileReference; lastKnownFileType = folder; name = FakeVoiceMemos; path = SimAppCollection/FakeApps/FakeVoiceMemos; sourceTree = "<group>"; };
		659FA5BD0FF70EAA000A86E1 /* FakeVoiceMemos.sb */ = {isa = PBXFileReference; fileEncoding = 4; lastKnownFileType = text; name = FakeVoiceMemos.sb; path = SimAppCollection/FakeApps/FakeVoiceMemos.sb; sourceTree = "<group>"; };
		8D1107310486CEB800E47090 /* Info.plist */ = {isa = PBXFileReference; fileEncoding = 4; lastKnownFileType = text.plist.xml; path = Info.plist; sourceTree = "<group>"; };
		8D1107320486CEB800E47090 /* SimFinger.app */ = {isa = PBXFileReference; explicitFileType = wrapper.application; includeInIndex = 0; path = SimFinger.app; sourceTree = BUILT_PRODUCTS_DIR; };
		C9FB62C112480F03001AD88A /* iPadFade.png */ = {isa = PBXFileReference; lastKnownFileType = image.png; path = iPadFade.png; sourceTree = "<group>"; };
		C9FB62C212480F03001AD88A /* iPadFrame.png */ = {isa = PBXFileReference; lastKnownFileType = image.png; path = iPadFrame.png; sourceTree = "<group>"; };
		C9FB62FE1249139D001AD88A /* iPadFadeLandscape.png */ = {isa = PBXFileReference; lastKnownFileType = image.png; path = iPadFadeLandscape.png; sourceTree = "<group>"; };
		C9FB62FF1249139D001AD88A /* iPadFrameLandscape_right.png */ = {isa = PBXFileReference; lastKnownFileType = image.png; path = iPadFrameLandscape_right.png; sourceTree = "<group>"; };
/* End PBXFileReference section */

/* Begin PBXFrameworksBuildPhase section */
		8D11072E0486CEB800E47090 /* Frameworks */ = {
			isa = PBXFrameworksBuildPhase;
			buildActionMask = 2147483647;
			files = (
				8D11072F0486CEB800E47090 /* Cocoa.framework in Frameworks */,
				5EA7CEF80F43F1E700DE24FB /* Carbon.framework in Frameworks */,
			);
			runOnlyForDeploymentPostprocessing = 0;
		};
/* End PBXFrameworksBuildPhase section */

/* Begin PBXGroup section */
		080E96DDFE201D6D7F000001 /* Classes */ = {
			isa = PBXGroup;
			children = (
				5EA7CD970F43CCE000DE24FB /* FakeFingerAppDelegate.h */,
				5EA7CD980F43CCE000DE24FB /* FakeFingerAppDelegate.m */,
			);
			name = Classes;
			sourceTree = "<group>";
		};
		1058C7A0FEA54F0111CA2CBB /* Linked Frameworks */ = {
			isa = PBXGroup;
			children = (
				5EA7CEF70F43F1E700DE24FB /* Carbon.framework */,
				1058C7A1FEA54F0111CA2CBB /* Cocoa.framework */,
			);
			name = "Linked Frameworks";
			sourceTree = "<group>";
		};
		1058C7A2FEA54F0111CA2CBB /* Other Frameworks */ = {
			isa = PBXGroup;
			children = (
				29B97324FDCFA39411CA2CEA /* AppKit.framework */,
				13E42FB307B3F0F600E4EEF1 /* CoreData.framework */,
				29B97325FDCFA39411CA2CEA /* Foundation.framework */,
			);
			name = "Other Frameworks";
			sourceTree = "<group>";
		};
		19C28FACFE9D520D11CA2CBB /* Products */ = {
			isa = PBXGroup;
			children = (
				8D1107320486CEB800E47090 /* SimFinger.app */,
			);
			name = Products;
			sourceTree = "<group>";
		};
		29B97314FDCFA39411CA2CEA /* FakeFinger */ = {
			isa = PBXGroup;
			children = (
				080E96DDFE201D6D7F000001 /* Classes */,
				29B97315FDCFA39411CA2CEA /* Other Sources */,
				29B97317FDCFA39411CA2CEA /* Resources */,
				29B97323FDCFA39411CA2CEA /* Frameworks */,
				19C28FACFE9D520D11CA2CBB /* Products */,
			);
			name = FakeFinger;
			sourceTree = "<group>";
		};
		29B97315FDCFA39411CA2CEA /* Other Sources */ = {
			isa = PBXGroup;
			children = (
				32CA4F630368D1EE00C91783 /* FakeFinger_Prefix.pch */,
				29B97316FDCFA39411CA2CEA /* main.m */,
			);
			name = "Other Sources";
			sourceTree = "<group>";
		};
		29B97317FDCFA39411CA2CEA /* Resources */ = {
			isa = PBXGroup;
			children = (
				5E4D86810F45EC4A00E02F03 /* FakeApps */,
				5EA7CEEF0F43EECC00DE24FB /* Hover.png */,
				5EA7CF180F43F90F00DE24FB /* Active.png */,
				5EA7D0600F450EF500DE24FB /* FadeFrame.png */,
				2B4EC09A10301F3800042E09 /* FadeFrameLandscape.png */,
				5EA7D0610F450EF500DE24FB /* iPhoneFrame.png */,
				5E8B471910504F9F00DF6DFB /* iPhoneFrameLandscape_right.png */,
				C9FB62FE1249139D001AD88A /* iPadFadeLandscape.png */,
				C9FB62FF1249139D001AD88A /* iPadFrameLandscape_right.png */,
				C9FB62C112480F03001AD88A /* iPadFade.png */,
				C9FB62C212480F03001AD88A /* iPadFrame.png */,
				5EA7CF2F0F43FAAA00DE24FB /* Icon.icns */,
				8D1107310486CEB800E47090 /* Info.plist */,
				089C165CFE840E0CC02AAC07 /* InfoPlist.strings */,
				1DDD58140DA1D0A300B32029 /* MainMenu.xib */,
			);
			name = Resources;
			sourceTree = "<group>";
		};
		29B97323FDCFA39411CA2CEA /* Frameworks */ = {
			isa = PBXGroup;
			children = (
				1058C7A0FEA54F0111CA2CBB /* Linked Frameworks */,
				1058C7A2FEA54F0111CA2CBB /* Other Frameworks */,
			);
			name = Frameworks;
			sourceTree = "<group>";
		};
		5E4D86810F45EC4A00E02F03 /* FakeApps */ = {
			isa = PBXGroup;
			children = (
				659FA5B60FF70EAA000A86E1 /* FakeCompass */,
				659FA5B90FF70EAA000A86E1 /* FakeCompass.sb */,
				659FA5BA0FF70EAA000A86E1 /* FakeVoiceMemos */,
				659FA5BD0FF70EAA000A86E1 /* FakeVoiceMemos.sb */,
				5E4D86270F45EC4700E02F03 /* FakeAppStore */,
				5E4D862A0F45EC4700E02F03 /* FakeAppStore.sb */,
				5E4D862B0F45EC4700E02F03 /* FakeCalculator */,
				5E4D862E0F45EC4700E02F03 /* FakeCalculator.sb */,
				5E4D862F0F45EC4700E02F03 /* FakeCalendar */,
				5E4D86320F45EC4700E02F03 /* FakeCalendar.sb */,
				5E4D86330F45EC4700E02F03 /* FakeCamera */,
				5E4D86360F45EC4700E02F03 /* FakeCamera.sb */,
				5E4D86370F45EC4700E02F03 /* FakeClock */,
				5E4D863A0F45EC4700E02F03 /* FakeClock.sb */,
				5E4D863B0F45EC4700E02F03 /* FakeiPod */,
				5E4D863E0F45EC4700E02F03 /* FakeiPod.sb */,
				5E4D863F0F45EC4700E02F03 /* FakeiTunes */,
				5E4D86420F45EC4700E02F03 /* FakeiTunes.sb */,
				5E4D86430F45EC4700E02F03 /* FakeMail */,
				5E4D86460F45EC4700E02F03 /* FakeMail.sb */,
				5E4D86470F45EC4700E02F03 /* FakeMaps */,
				5E4D864A0F45EC4700E02F03 /* FakeMaps.sb */,
				5E4D864B0F45EC4700E02F03 /* FakeNotes */,
				5E4D864E0F45EC4700E02F03 /* FakeNotes.sb */,
				5E4D864F0F45EC4700E02F03 /* FakePhone */,
				5E4D86520F45EC4700E02F03 /* FakePhone.sb */,
				5E4D86530F45EC4700E02F03 /* FakeStocks */,
				5E4D86560F45EC4700E02F03 /* FakeStocks.sb */,
				5E4D86570F45EC4700E02F03 /* FakeText */,
				5E4D865A0F45EC4700E02F03 /* FakeText.sb */,
				5E4D865B0F45EC4700E02F03 /* FakeWeather */,
				5E4D865E0F45EC4700E02F03 /* FakeWeather.sb */,
				5E4D865F0F45EC4700E02F03 /* FakeYouTube */,
				5E4D86620F45EC4700E02F03 /* FakeYouTube.sb */,
			);
			name = FakeApps;
			sourceTree = "<group>";
		};
/* End PBXGroup section */

/* Begin PBXNativeTarget section */
		8D1107260486CEB800E47090 /* SimFinger */ = {
			isa = PBXNativeTarget;
			buildConfigurationList = C01FCF4A08A954540054247B /* Build configuration list for PBXNativeTarget "SimFinger" */;
			buildPhases = (
				8D1107290486CEB800E47090 /* Resources */,
				8D11072C0486CEB800E47090 /* Sources */,
				8D11072E0486CEB800E47090 /* Frameworks */,
			);
			buildRules = (
			);
			dependencies = (
			);
			name = SimFinger;
			productInstallPath = "$(HOME)/Applications";
			productName = FakeFinger;
			productReference = 8D1107320486CEB800E47090 /* SimFinger.app */;
			productType = "com.apple.product-type.application";
		};
/* End PBXNativeTarget section */

/* Begin PBXProject section */
		29B97313FDCFA39411CA2CEA /* Project object */ = {
			isa = PBXProject;
			buildConfigurationList = C01FCF4E08A954540054247B /* Build configuration list for PBXProject "FakeFinger" */;
			compatibilityVersion = "Xcode 3.1";
			developmentRegion = English;
			hasScannedForEncodings = 1;
			knownRegions = (
				English,
				Japanese,
				French,
				German,
			);
			mainGroup = 29B97314FDCFA39411CA2CEA /* FakeFinger */;
			projectDirPath = "";
			projectRoot = "";
			targets = (
				8D1107260486CEB800E47090 /* SimFinger */,
			);
		};
/* End PBXProject section */

/* Begin PBXResourcesBuildPhase section */
		8D1107290486CEB800E47090 /* Resources */ = {
			isa = PBXResourcesBuildPhase;
			buildActionMask = 2147483647;
			files = (
				8D11072B0486CEB800E47090 /* InfoPlist.strings in Resources */,
				1DDD58160DA1D0A300B32029 /* MainMenu.xib in Resources */,
				5EA7CEF00F43EECC00DE24FB /* Hover.png in Resources */,
				5EA7CF190F43F90F00DE24FB /* Active.png in Resources */,
				5EA7CF300F43FAAA00DE24FB /* Icon.icns in Resources */,
				5EA7D0620F450EF500DE24FB /* FadeFrame.png in Resources */,
				5EA7D0630F450EF500DE24FB /* iPhoneFrame.png in Resources */,
				5E4D86630F45EC4700E02F03 /* FakeAppStore in Resources */,
				5E4D86640F45EC4700E02F03 /* FakeAppStore.sb in Resources */,
				5E4D86650F45EC4700E02F03 /* FakeCalculator in Resources */,
				5E4D86660F45EC4700E02F03 /* FakeCalculator.sb in Resources */,
				5E4D86670F45EC4700E02F03 /* FakeCalendar in Resources */,
				5E4D86680F45EC4700E02F03 /* FakeCalendar.sb in Resources */,
				5E4D86690F45EC4700E02F03 /* FakeCamera in Resources */,
				5E4D866A0F45EC4700E02F03 /* FakeCamera.sb in Resources */,
				5E4D866B0F45EC4700E02F03 /* FakeClock in Resources */,
				5E4D866C0F45EC4700E02F03 /* FakeClock.sb in Resources */,
				5E4D866D0F45EC4700E02F03 /* FakeiPod in Resources */,
				5E4D866E0F45EC4700E02F03 /* FakeiPod.sb in Resources */,
				5E4D866F0F45EC4700E02F03 /* FakeiTunes in Resources */,
				5E4D86700F45EC4700E02F03 /* FakeiTunes.sb in Resources */,
				5E4D86710F45EC4700E02F03 /* FakeMail in Resources */,
				5E4D86720F45EC4700E02F03 /* FakeMail.sb in Resources */,
				5E4D86730F45EC4700E02F03 /* FakeMaps in Resources */,
				5E4D86740F45EC4700E02F03 /* FakeMaps.sb in Resources */,
				5E4D86750F45EC4700E02F03 /* FakeNotes in Resources */,
				5E4D86760F45EC4700E02F03 /* FakeNotes.sb in Resources */,
				5E4D86770F45EC4700E02F03 /* FakePhone in Resources */,
				5E4D86780F45EC4700E02F03 /* FakePhone.sb in Resources */,
				5E4D86790F45EC4700E02F03 /* FakeStocks in Resources */,
				5E4D867A0F45EC4700E02F03 /* FakeStocks.sb in Resources */,
				5E4D867B0F45EC4700E02F03 /* FakeText in Resources */,
				5E4D867C0F45EC4700E02F03 /* FakeText.sb in Resources */,
				5E4D867D0F45EC4700E02F03 /* FakeWeather in Resources */,
				5E4D867E0F45EC4700E02F03 /* FakeWeather.sb in Resources */,
				5E4D867F0F45EC4700E02F03 /* FakeYouTube in Resources */,
				5E4D86800F45EC4700E02F03 /* FakeYouTube.sb in Resources */,
				659FA5BE0FF70EAA000A86E1 /* FakeCompass in Resources */,
				659FA5BF0FF70EAA000A86E1 /* FakeCompass.sb in Resources */,
				659FA5C00FF70EAA000A86E1 /* FakeVoiceMemos in Resources */,
				659FA5C10FF70EAA000A86E1 /* FakeVoiceMemos.sb in Resources */,
				2B4EC09B10301F3800042E09 /* FadeFrameLandscape.png in Resources */,
				5E8B471B10504F9F00DF6DFB /* iPhoneFrameLandscape_right.png in Resources */,
				C9FB62C312480F03001AD88A /* iPadFade.png in Resources */,
				C9FB62C412480F03001AD88A /* iPadFrame.png in Resources */,
				C9FB63001249139D001AD88A /* iPadFadeLandscape.png in Resources */,
				C9FB63011249139D001AD88A /* iPadFrameLandscape_right.png in Resources */,
			);
			runOnlyForDeploymentPostprocessing = 0;
		};
/* End PBXResourcesBuildPhase section */

/* Begin PBXSourcesBuildPhase section */
		8D11072C0486CEB800E47090 /* Sources */ = {
			isa = PBXSourcesBuildPhase;
			buildActionMask = 2147483647;
			files = (
				8D11072D0486CEB800E47090 /* main.m in Sources */,
				5EA7CD990F43CCE000DE24FB /* FakeFingerAppDelegate.m in Sources */,
			);
			runOnlyForDeploymentPostprocessing = 0;
		};
/* End PBXSourcesBuildPhase section */

/* Begin PBXVariantGroup section */
		089C165CFE840E0CC02AAC07 /* InfoPlist.strings */ = {
			isa = PBXVariantGroup;
			children = (
				089C165DFE840E0CC02AAC07 /* English */,
			);
			name = InfoPlist.strings;
			sourceTree = "<group>";
		};
		1DDD58140DA1D0A300B32029 /* MainMenu.xib */ = {
			isa = PBXVariantGroup;
			children = (
				1DDD58150DA1D0A300B32029 /* English */,
			);
			name = MainMenu.xib;
			sourceTree = "<group>";
		};
/* End PBXVariantGroup section */

/* Begin XCBuildConfiguration section */
		C01FCF4B08A954540054247B /* Debug */ = {
			isa = XCBuildConfiguration;
			buildSettings = {
				ALWAYS_SEARCH_USER_PATHS = NO;
				COPY_PHASE_STRIP = NO;
				GCC_DYNAMIC_NO_PIC = NO;
				GCC_ENABLE_FIX_AND_CONTINUE = YES;
				GCC_MODEL_TUNING = G5;
				GCC_OPTIMIZATION_LEVEL = 0;
				GCC_PRECOMPILE_PREFIX_HEADER = YES;
				GCC_PREFIX_HEADER = FakeFinger_Prefix.pch;
				INFOPLIST_FILE = Info.plist;
				INSTALL_PATH = "$(HOME)/Applications";
				PRODUCT_NAME = SimFinger;
			};
			name = Debug;
		};
		C01FCF4C08A954540054247B /* Release */ = {
			isa = XCBuildConfiguration;
			buildSettings = {
				ALWAYS_SEARCH_USER_PATHS = NO;
				DEBUG_INFORMATION_FORMAT = "dwarf-with-dsym";
				GCC_MODEL_TUNING = G5;
				GCC_PRECOMPILE_PREFIX_HEADER = YES;
				GCC_PREFIX_HEADER = FakeFinger_Prefix.pch;
				INFOPLIST_FILE = Info.plist;
				INSTALL_PATH = "$(HOME)/Applications";
				PRODUCT_NAME = SimFinger;
			};
			name = Release;
		};
		C01FCF4F08A954540054247B /* Debug */ = {
			isa = XCBuildConfiguration;
			buildSettings = {
				ARCHS = "$(ARCHS_STANDARD_32_BIT)";
				GCC_C_LANGUAGE_STANDARD = c99;
				GCC_OPTIMIZATION_LEVEL = 0;
				GCC_WARN_ABOUT_RETURN_TYPE = YES;
				GCC_WARN_UNUSED_VARIABLE = YES;
				ONLY_ACTIVE_ARCH = YES;
				PREBINDING = NO;
				SDKROOT = macosx10.5;
			};
			name = Debug;
		};
		C01FCF5008A954540054247B /* Release */ = {
			isa = XCBuildConfiguration;
			buildSettings = {
				ARCHS = "$(ARCHS_STANDARD_32_BIT)";
				GCC_C_LANGUAGE_STANDARD = c99;
				GCC_WARN_ABOUT_RETURN_TYPE = YES;
				GCC_WARN_UNUSED_VARIABLE = YES;
				PREBINDING = NO;
				SDKROOT = macosx10.5;
			};
			name = Release;
		};
/* End XCBuildConfiguration section */

/* Begin XCConfigurationList section */
		C01FCF4A08A954540054247B /* Build configuration list for PBXNativeTarget "SimFinger" */ = {
			isa = XCConfigurationList;
			buildConfigurations = (
				C01FCF4B08A954540054247B /* Debug */,
				C01FCF4C08A954540054247B /* Release */,
			);
			defaultConfigurationIsVisible = 0;
			defaultConfigurationName = Release;
		};
		C01FCF4E08A954540054247B /* Build configuration list for PBXProject "FakeFinger" */ = {
			isa = XCConfigurationList;
			buildConfigurations = (
				C01FCF4F08A954540054247B /* Debug */,
				C01FCF5008A954540054247B /* Release */,
			);
			defaultConfigurationIsVisible = 0;
			defaultConfigurationName = Release;
		};
/* End XCConfigurationList section */
	};
	rootObject = 29B97313FDCFA39411CA2CEA /* Project object */;
}
